
Microsoft Visual Studio Solution File, Format Version 12.00
# Visual Studio 14
VisualStudioVersion = 14.0.25123.0
MinimumVisualStudioVersion = 10.0.40219.1
Project("{FAE04EC0-301F-11D3-BF4B-00C04F79EFBC}") = "ParallelWebCrawler", "ParallelWebCrawler\ParallelWebCrawler.csproj", "{01D542AA-FEDD-4AD0-A6A8-649A601D1BE8}"
EndProject
Project("{FAE04EC0-301F-11D3-BF4B-00C04F79EFBC}") = "ParallelWebCrawler.Tests", "ParallelWebCrawler.Tests\ParallelWebCrawler.Tests.csproj", "{5BD959F0-0CCF-4471-B2B1-61B5EAA8F73B}"
EndProject
Global
	GlobalSection(SolutionConfigurationPlatforms) = preSolution
		Debug|Any CPU = Debug|Any CPU
		Release|Any CPU = Release|Any CPU
	EndGlobalSection
	GlobalSection(ProjectConfigurationPlatforms) = postSolution
		{01D542AA-FEDD-4AD0-A6A8-649A601D1BE8}.Debug|Any CPU.ActiveCfg = Debug|Any CPU
		{01D542AA-FEDD-4AD0-A6A8-649A601D1BE8}.Debug|Any CPU.Build.0 = Debug|Any CPU
		{01D542AA-FEDD-4AD0-A6A8-649A601D1BE8}.Release|Any CPU.ActiveCfg = Release|Any CPU
		{01D542AA-FEDD-4AD0-A6A8-649A601D1BE8}.Release|Any CPU.Build.0 = Release|Any CPU
		{5BD959F0-0CCF-4471-B2B1-61B5EAA8F73B}.Debug|Any CPU.ActiveCfg = Debug|Any CPU
		{5BD959F0-0CCF-4471-B2B1-61B5EAA8F73B}.Debug|Any CPU.Build.0 = Debug|Any CPU
		{5BD959F0-0CCF-4471-B2B1-61B5EAA8F73B}.Release|Any CPU.ActiveCfg = Release|Any CPU
		{5BD959F0-0CCF-4471-B2B1-61B5EAA8F73B}.Release|Any CPU.Build.0 = Release|Any CPU
	EndGlobalSection
	GlobalSection(SolutionProperties) = preSolution
		HideSolutionNode = FALSE
	EndGlobalSection
EndGlobal
